# THIS IS AN AUTOGENERATED FILE. DO NOT EDIT THIS FILE DIRECTLY.
# yarn lockfile v1


"@types/node@^13.1.8":
  version "13.1.8"
  resolved "https://registry.yarnpkg.com/@types/node/-/node-13.1.8.tgz#1d590429fe8187a02707720ecf38a6fe46ce294b"
  integrity sha512-6XzyyNM9EKQW4HKuzbo/CkOIjn/evtCmsU+MUM1xDfJ+3/rNjBttM1NgN7AOQvN6tP1Sl1D1PIKMreTArnxM9A==

"@types/p5@^0.9.0":
  version "0.9.0"
  resolved "https://registry.yarnpkg.com/@types/p5/-/p5-0.9.0.tgz#aea0afe6ab2f7368b000165a27869cee8f9060a7"
  integrity sha512-GhI0ctGdKlnf1oUEYqE+sTWuGHhjQCZXQPxazdI9Lx2eE6z7qO6T55FGFenOY3wpL8jSzLWRmt83RHGblr4AWg==

lodash@^4.17.15:
  version "4.17.15"
  resolved "https://registry.yarnpkg.com/lodash/-/lodash-4.17.15.tgz#b447f6670a0455bbfeedd11392eff330ea097548"
  integrity sha512-8xOcRHvCjnocdS5cpwXQXVzmmh5e5+saE2QGoeQmbKmRS6J3VQppPOIt0MnmE+4xlZoumy0GPG0D0MVIQbNA1A==

p5@^0.10.2:
  version "0.10.2"
  resolved "https://registry.yarnpkg.com/p5/-/p5-0.10.2.tgz#9437b28e803b9c8a94383c6b5f4d05b13603e1cc"
  integrity sha512-kZnC7JllCEnEUTB3sv2iETUg1ulNvB60h3MHb63u7W/nCJc3XIlMGXcKk28cuezdQ7TOlKScm0qmWCsol+302Q==
